
Microsoft Visual Studio Solution File, Format Version 12.00
# Visual Studio 14
VisualStudioVersion = 14.0.24720.0
MinimumVisualStudioVersion = 10.0.40219.1
Project("{FAE04EC0-301F-11D3-BF4B-00C04F79EFBC}") = "Horario.Domain", "Horario.Domain\Horario.Domain.csproj", "{CE176C39-7F76-4DE8-A2C6-3E8CACE93467}"
EndProject
Project("{FAE04EC0-301F-11D3-BF4B-00C04F79EFBC}") = "Horario.WebUI", "Horario.WebUI\Horario.WebUI.csproj", "{30737CA3-3D28-4C0A-87DF-7A2449DCDC4C}"
EndProject
Global
	GlobalSection(SolutionConfigurationPlatforms) = preSolution
		Debug|Any CPU = Debug|Any CPU
		Release|Any CPU = Release|Any CPU
	EndGlobalSection
	GlobalSection(ProjectConfigurationPlatforms) = postSolution
		{CE176C39-7F76-4DE8-A2C6-3E8CACE93467}.Debug|Any CPU.ActiveCfg = Debug|Any CPU
		{CE176C39-7F76-4DE8-A2C6-3E8CACE93467}.Debug|Any CPU.Build.0 = Debug|Any CPU
		{CE176C39-7F76-4DE8-A2C6-3E8CACE93467}.Release|Any CPU.ActiveCfg = Release|Any CPU
		{CE176C39-7F76-4DE8-A2C6-3E8CACE93467}.Release|Any CPU.Build.0 = Release|Any CPU
		{30737CA3-3D28-4C0A-87DF-7A2449DCDC4C}.Debug|Any CPU.ActiveCfg = Debug|Any CPU
		{30737CA3-3D28-4C0A-87DF-7A2449DCDC4C}.Debug|Any CPU.Build.0 = Debug|Any CPU
		{30737CA3-3D28-4C0A-87DF-7A2449DCDC4C}.Release|Any CPU.ActiveCfg = Release|Any CPU
		{30737CA3-3D28-4C0A-87DF-7A2449DCDC4C}.Release|Any CPU.Build.0 = Release|Any CPU
	EndGlobalSection
	GlobalSection(SolutionProperties) = preSolution
		HideSolutionNode = FALSE
	EndGlobalSection
EndGlobal
